# This file was autogenerated by Stack.
# You should not edit this file by hand.
# For more information, please see the documentation at:
#   https://docs.haskellstack.org/en/stable/lock_files

packages:
- completed:
    hackage: raw-strings-qq-1.1@sha256:3ea0f14f036649e3576749aef0db4dd0b1102c5331f2e0e2551250e2030ce669,1467
    pantry-tree:
      sha256: 473e62ea5320c8734f66049e48b308dd0ab197c6d3071c8ca1a828b05b7536ae
      size: 379
  original:
    hackage: raw-strings-qq-1.1@sha256:3ea0f14f036649e3576749aef0db4dd0b1102c5331f2e0e2551250e2030ce669,1467
- completed:
    hackage: unordered-containers-0.2.19.1@sha256:7d43e557b32a30eeac22e68b8430384bf829b0b2313761026a7f103395b047d5,3638
    pantry-tree:
      sha256: 1870de393820b94af9efb8fcdd31940543569cdcd3d13296bc224438b2b107d8
      size: 1517
  original:
    hackage: unordered-containers-0.2.19.1@sha256:7d43e557b32a30eeac22e68b8430384bf829b0b2313761026a7f103395b047d5,3638
- completed:
    hackage: hashable-1.4.0.2@sha256:0cddd0229d1aac305ea0404409c0bbfab81f075817bd74b8b2929eff58333e55,5005
    pantry-tree:
      sha256: 51dda0aa70849588d074125f324beba1c8736cfa486e7f4a90a798b1d0e6019d
      size: 1248
  original:
    hackage: hashable-1.4.0.2@sha256:0cddd0229d1aac305ea0404409c0bbfab81f075817bd74b8b2929eff58333e55,5005
snapshots: []
